
Microsoft Visual Studio Solution File, Format Version 12.00
# Visual Studio 15
VisualStudioVersion = 15.0.28307.271
MinimumVisualStudioVersion = 10.0.40219.1
Project("{9A19103F-16F7-4668-BE54-9A1E7A4F7556}") = "WebMaps", "WebMaps\WebMaps.csproj", "{96F4E768-EBCF-47E7-AB64-E8E7C06ADB0E}"
EndProject
Project("{FAE04EC0-301F-11D3-BF4B-00C04F79EFBC}") = "MapsKontroller", "MapsKontroller\MapsKontroller.csproj", "{912D05B4-7A41-446A-B389-BE0D0EC9C5F2}"
EndProject
Global
	GlobalSection(SolutionConfigurationPlatforms) = preSolution
		Debug|Any CPU = Debug|Any CPU
		Release|Any CPU = Release|Any CPU
	EndGlobalSection
	GlobalSection(ProjectConfigurationPlatforms) = postSolution
		{96F4E768-EBCF-47E7-AB64-E8E7C06ADB0E}.Debug|Any CPU.ActiveCfg = Debug|Any CPU
		{96F4E768-EBCF-47E7-AB64-E8E7C06ADB0E}.Debug|Any CPU.Build.0 = Debug|Any CPU
		{96F4E768-EBCF-47E7-AB64-E8E7C06ADB0E}.Release|Any CPU.ActiveCfg = Release|Any CPU
		{96F4E768-EBCF-47E7-AB64-E8E7C06ADB0E}.Release|Any CPU.Build.0 = Release|Any CPU
		{912D05B4-7A41-446A-B389-BE0D0EC9C5F2}.Debug|Any CPU.ActiveCfg = Debug|Any CPU
		{912D05B4-7A41-446A-B389-BE0D0EC9C5F2}.Debug|Any CPU.Build.0 = Debug|Any CPU
		{912D05B4-7A41-446A-B389-BE0D0EC9C5F2}.Release|Any CPU.ActiveCfg = Release|Any CPU
		{912D05B4-7A41-446A-B389-BE0D0EC9C5F2}.Release|Any CPU.Build.0 = Release|Any CPU
	EndGlobalSection
	GlobalSection(SolutionProperties) = preSolution
		HideSolutionNode = FALSE
	EndGlobalSection
	GlobalSection(ExtensibilityGlobals) = postSolution
		SolutionGuid = {6F993436-8D0F-4730-A17D-C21DD10C0D6D}
	EndGlobalSection
EndGlobal
